# This file is automatically @generated by Cargo.
# It is not intended for manual editing.
version = 4

[[package]]
name = "dfmcp-adapter"
version = "0.0.1"
dependencies = [
 "dfmcp-core",
 "dfmcp-intent",
 "dfmcp-world",
]

[[package]]
name = "dfmcp-core"
version = "0.0.1"

[[package]]
name = "dfmcp-intent"
version = "0.0.1"
dependencies = [
 "dfmcp-core",
 "dfmcp-world",
]

[[package]]
name = "dfmcp-lab"
version = "0.0.1"
dependencies = [
 "dfmcp-adapter",
 "dfmcp-core",
 "dfmcp-intent",
 "dfmcp-world",
]

[[package]]
name = "dfmcp-world"
version = "0.0.1"
dependencies = [
 "dfmcp-core",
]

[[package]]
name = "dwarf-fortress-mcp"
version = "0.0.1"
dependencies = [
 "dfmcp-adapter",
 "dfmcp-core",
 "dfmcp-intent",
 "dfmcp-lab",
 "dfmcp-world",
]
